
Microsoft Visual Studio Solution File, Format Version 12.00
# Visual Studio Version 16
VisualStudioVersion = 16.0.29102.190
MinimumVisualStudioVersion = 10.0.40219.1
Project("{9A19103F-16F7-4668-BE54-9A1E7A4F7556}") = "E2Dictionary", "E2Dictionary.csproj", "{65BC1477-3B4F-491E-A86C-9E1F20012D39}"
EndProject
Global
	GlobalSection(SolutionConfigurationPlatforms) = preSolution
		Debug|Any CPU = Debug|Any CPU
		Release|Any CPU = Release|Any CPU
	EndGlobalSection
	GlobalSection(ProjectConfigurationPlatforms) = postSolution
		{65BC1477-3B4F-491E-A86C-9E1F20012D39}.Debug|Any CPU.ActiveCfg = Debug|Any CPU
		{65BC1477-3B4F-491E-A86C-9E1F20012D39}.Debug|Any CPU.Build.0 = Debug|Any CPU
		{65BC1477-3B4F-491E-A86C-9E1F20012D39}.Release|Any CPU.ActiveCfg = Release|Any CPU
		{65BC1477-3B4F-491E-A86C-9E1F20012D39}.Release|Any CPU.Build.0 = Release|Any CPU
	EndGlobalSection
	GlobalSection(SolutionProperties) = preSolution
		HideSolutionNode = FALSE
	EndGlobalSection
	GlobalSection(ExtensibilityGlobals) = postSolution
		SolutionGuid = {A0EF4742-C4E5-4BE8-8AD9-7E5E4B706F9D}
	EndGlobalSection
EndGlobal
